
Microsoft Visual Studio Solution File, Format Version 12.00
# Visual Studio Version 17
VisualStudioVersion = 17.8.34511.84
MinimumVisualStudioVersion = 10.0.40219.1
Project("{FAE04EC0-301F-11D3-BF4B-00C04F79EFBC}") = "Homework22", "Homework22\Homework22.csproj", "{B51B0ABC-B0EC-4A4C-A73A-2EFA2B24DDCE}"
EndProject
Global
	GlobalSection(SolutionConfigurationPlatforms) = preSolution
		Debug|Any CPU = Debug|Any CPU
		Release|Any CPU = Release|Any CPU
	EndGlobalSection
	GlobalSection(ProjectConfigurationPlatforms) = postSolution
		{B51B0ABC-B0EC-4A4C-A73A-2EFA2B24DDCE}.Debug|Any CPU.ActiveCfg = Debug|Any CPU
		{B51B0ABC-B0EC-4A4C-A73A-2EFA2B24DDCE}.Debug|Any CPU.Build.0 = Debug|Any CPU
		{B51B0ABC-B0EC-4A4C-A73A-2EFA2B24DDCE}.Release|Any CPU.ActiveCfg = Release|Any CPU
		{B51B0ABC-B0EC-4A4C-A73A-2EFA2B24DDCE}.Release|Any CPU.Build.0 = Release|Any CPU
	EndGlobalSection
	GlobalSection(SolutionProperties) = preSolution
		HideSolutionNode = FALSE
	EndGlobalSection
	GlobalSection(ExtensibilityGlobals) = postSolution
		SolutionGuid = {C7FC121F-517A-45AE-B281-A493FCACC365}
	EndGlobalSection
EndGlobal
